{
    "_readme": [
        "This file locks the dependencies of your project to a known state",
        "Read more about it at https://getcomposer.org/doc/01-basic-usage.md#composer-lock-the-lock-file",
        "This file is @generated automatically"
    ],
    "hash": "f6b25ce2ac83f8ee43aba8f9e30f0da9",
    "content-hash": "54025dd88eb1f5ee41bd5db8c29cfa82",
    "packages": [
        {
            "name": "lightsaml/lightsaml",
            "version": "1.2.0",
            "source": {
                "type": "git",
                "url": "https://github.com/lightSAML/lightSAML.git",
                "reference": "3f3b93325e1bffc15021c1250b43f2053c42b0d2"
            },
            "dist": {
                "type": "zip",
                "url": "https://api.github.com/repos/lightSAML/lightSAML/zipball/3f3b93325e1bffc15021c1250b43f2053c42b0d2",
                "reference": "3f3b93325e1bffc15021c1250b43f2053c42b0d2",
                "shasum": ""
            },
            "require": {
                "php": ">=5.5.1",
                "robrichards/xmlseclibs": "~2.0",
                "symfony/event-dispatcher": "~2.3|~3.0",
                "symfony/http-foundation": "~2.3|~3.0"
            },
            "require-dev": {
                "monolog/monolog": "~1.3",
                "phpunit/phpunit": "~4.5",
                "pimple/pimple": "~3.0",
                "satooshi/php-coveralls": "~0.6",
                "symfony/css-selector": "~2.3",
                "symfony/dom-crawler": "~2.3"
            },
            "suggest": {
                "lightsaml/sp-bundle": "Symfony 2 SP security bundle",
                "lightsaml/symfony-bridge": "Symfony 2 build container bridge"
            },
            "type": "library",
            "autoload": {
                "psr-0": {
                    "LightSaml\\Tests\\": "tests/",
                    "LightSaml\\": "src/"
                }
            },
            "notification-url": "https://packagist.org/downloads/",
            "license": [
                "MIT"
            ],
            "authors": [
                {
                    "name": "Milos Tomic",
                    "email": "tmilos@gmail.com",
                    "homepage": "https://github.com/tmilos/",
                    "role": "Developer"
                }
            ],
            "description": "Light SAML 2.0 PHP library",
            "homepage": "https://www.lightsaml.com/",
            "keywords": [
                "SAML 2.0",
                "Single Logout",
                "Single SignOn",
                "library",
                "lightSAML",
                "php"
            ],
            "time": "2016-11-18 08:30:01"
        },
        {
            "name": "robrichards/xmlseclibs",
            "version": "2.0.1",
            "source": {
                "type": "git",
                "url": "https://github.com/robrichards/xmlseclibs.git",
                "reference": "53bb1e9cae490a8f93af41bd9df6ea897161ca05"
            },
            "dist": {
                "type": "zip",
                "url": "https://api.github.com/repos/robrichards/xmlseclibs/zipball/53bb1e9cae490a8f93af41bd9df6ea897161ca05",
                "reference": "53bb1e9cae490a8f93af41bd9df6ea897161ca05",
                "shasum": ""
            },
            "require": {
                "php": ">= 5.3"
            },
            "suggest": {
                "ext/mcrypt": "MCrypt extension",
                "ext/openssl": "OpenSSL extension"
            },
            "type": "library",
            "autoload": {
                "psr-4": {
                    "RobRichards\\XMLSecLibs\\": "src"
                }
            },
            "notification-url": "https://packagist.org/downloads/",
            "license": [
                "BSD-3-Clause"
            ],
            "description": "A PHP library for XML Security",
            "homepage": "https://github.com/robrichards/xmlseclibs",
            "keywords": [
                "security",
                "signature",
                "xml",
                "xmldsig"
            ],
            "time": "2016-09-08 13:15:00"
        },
        {
            "name": "symfony/event-dispatcher",
            "version": "v3.2.0",
            "source": {
                "type": "git",
                "url": "https://github.com/symfony/event-dispatcher.git",
                "reference": "e8f47a327c2f0fd5aa04fa60af2b693006ed7283"
            },
            "dist": {
                "type": "zip",
                "url": "https://api.github.com/repos/symfony/event-dispatcher/zipball/e8f47a327c2f0fd5aa04fa60af2b693006ed7283",
                "reference": "e8f47a327c2f0fd5aa04fa60af2b693006ed7283",
                "shasum": ""
            },
            "require": {
                "php": ">=5.5.9"
            },
            "require-dev": {
                "psr/log": "~1.0",
                "symfony/config": "~2.8|~3.0",
                "symfony/dependency-injection": "~2.8|~3.0",
                "symfony/expression-language": "~2.8|~3.0",
                "symfony/stopwatch": "~2.8|~3.0"
            },
            "suggest": {
                "symfony/dependency-injection": "",
                "symfony/http-kernel": ""
            },
            "type": "library",
            "extra": {
                "branch-alias": {
                    "dev-master": "3.2-dev"
                }
            },
            "autoload": {
                "psr-4": {
                    "Symfony\\Component\\EventDispatcher\\": ""
                },
                "exclude-from-classmap": [
                    "/Tests/"
                ]
            },
            "notification-url": "https://packagist.org/downloads/",
            "license": [
                "MIT"
            ],
            "authors": [
                {
                    "name": "Fabien Potencier",
                    "email": "fabien@symfony.com"
                },
                {
                    "name": "Symfony Community",
                    "homepage": "https://symfony.com/contributors"
                }
            ],
            "description": "Symfony EventDispatcher Component",
            "homepage": "https://symfony.com",
            "time": "2016-10-13 06:29:04"
        },
        {
            "name": "symfony/http-foundation",
            "version": "v3.2.0",
            "source": {
                "type": "git",
                "url": "https://github.com/symfony/http-foundation.git",
                "reference": "9963bc29d7f4398b137dd8efc480efe54fdbe5f1"
            },
            "dist": {
                "type": "zip",
                "url": "https://api.github.com/repos/symfony/http-foundation/zipball/9963bc29d7f4398b137dd8efc480efe54fdbe5f1",
                "reference": "9963bc29d7f4398b137dd8efc480efe54fdbe5f1",
                "shasum": ""
            },
            "require": {
                "php": ">=5.5.9",
                "symfony/polyfill-mbstring": "~1.1"
            },
            "require-dev": {
                "symfony/expression-language": "~2.8|~3.0"
            },
            "type": "library",
            "extra": {
                "branch-alias": {
                    "dev-master": "3.2-dev"
                }
            },
            "autoload": {
                "psr-4": {
                    "Symfony\\Component\\HttpFoundation\\": ""
                },
                "exclude-from-classmap": [
                    "/Tests/"
                ]
            },
            "notification-url": "https://packagist.org/downloads/",
            "license": [
                "MIT"
            ],
            "authors": [
                {
                    "name": "Fabien Potencier",
                    "email": "fabien@symfony.com"
                },
                {
                    "name": "Symfony Community",
                    "homepage": "https://symfony.com/contributors"
                }
            ],
            "description": "Symfony HttpFoundation Component",
            "homepage": "https://symfony.com",
            "time": "2016-11-27 04:21:38"
        },
        {
            "name": "symfony/polyfill-mbstring",
            "version": "v1.3.0",
            "source": {
                "type": "git",
                "url": "https://github.com/symfony/polyfill-mbstring.git",
                "reference": "e79d363049d1c2128f133a2667e4f4190904f7f4"
            },
            "dist": {
                "type": "zip",
                "url": "https://api.github.com/repos/symfony/polyfill-mbstring/zipball/e79d363049d1c2128f133a2667e4f4190904f7f4",
                "reference": "e79d363049d1c2128f133a2667e4f4190904f7f4",
                "shasum": ""
            },
            "require": {
                "php": ">=5.3.3"
            },
            "suggest": {
                "ext-mbstring": "For best performance"
            },
            "type": "library",
            "extra": {
                "branch-alias": {
                    "dev-master": "1.3-dev"
                }
            },
            "autoload": {
                "psr-4": {
                    "Symfony\\Polyfill\\Mbstring\\": ""
                },
                "files": [
                    "bootstrap.php"
                ]
            },
            "notification-url": "https://packagist.org/downloads/",
            "license": [
                "MIT"
            ],
            "authors": [
                {
                    "name": "Nicolas Grekas",
                    "email": "p@tchwork.com"
                },
                {
                    "name": "Symfony Community",
                    "homepage": "https://symfony.com/contributors"
                }
            ],
            "description": "Symfony polyfill for the Mbstring extension",
            "homepage": "https://symfony.com",
            "keywords": [
                "compatibility",
                "mbstring",
                "polyfill",
                "portable",
                "shim"
            ],
            "time": "2016-11-14 01:06:16"
        }
    ],
    "packages-dev": [],
    "aliases": [],
    "minimum-stability": "stable",
    "stability-flags": [],
    "prefer-stable": false,
    "prefer-lowest": false,
    "platform": [],
    "platform-dev": []
}
